
Microsoft Visual Studio Solution File, Format Version 12.00
# Visual Studio Version 16
VisualStudioVersion = 16.0.31005.135
MinimumVisualStudioVersion = 10.0.40219.1
Project("{FAE04EC0-301F-11D3-BF4B-00C04F79EFBC}") = "Cross_Kamil", "Cross_Kamil\Cross_Kamil.csproj", "{9A6CF45A-21B3-4311-AD43-612FE8F6E124}"
EndProject
Global
	GlobalSection(SolutionConfigurationPlatforms) = preSolution
		Debug|Any CPU = Debug|Any CPU
		Release|Any CPU = Release|Any CPU
	EndGlobalSection
	GlobalSection(ProjectConfigurationPlatforms) = postSolution
		{9A6CF45A-21B3-4311-AD43-612FE8F6E124}.Debug|Any CPU.ActiveCfg = Debug|Any CPU
		{9A6CF45A-21B3-4311-AD43-612FE8F6E124}.Debug|Any CPU.Build.0 = Debug|Any CPU
		{9A6CF45A-21B3-4311-AD43-612FE8F6E124}.Release|Any CPU.ActiveCfg = Release|Any CPU
		{9A6CF45A-21B3-4311-AD43-612FE8F6E124}.Release|Any CPU.Build.0 = Release|Any CPU
	EndGlobalSection
	GlobalSection(SolutionProperties) = preSolution
		HideSolutionNode = FALSE
	EndGlobalSection
	GlobalSection(ExtensibilityGlobals) = postSolution
		SolutionGuid = {4403B493-B2D2-4BBF-B834-1A7AB1141423}
	EndGlobalSection
EndGlobal
